
Microsoft Visual Studio Solution File, Format Version 12.00
# Visual Studio Version 16
VisualStudioVersion = 16.0.810.25
MinimumVisualStudioVersion = 10.0.40219.1
Project("{FAE04EC0-301F-11D3-BF4B-00C04F79EFBC}") = "easy-file-share", "easy-file-share\easy-file-share.csproj", "{F38C8FE3-C6CF-4EAF-86BA-3EB19319305E}"
EndProject
Global
	GlobalSection(SolutionConfigurationPlatforms) = preSolution
		Debug|anycpu = Debug|anycpu
		Release|anycpu = Release|anycpu
	EndGlobalSection
	GlobalSection(ProjectConfigurationPlatforms) = postSolution
		{F38C8FE3-C6CF-4EAF-86BA-3EB19319305E}.Debug|anycpu.ActiveCfg = Debug|anycpu
		{F38C8FE3-C6CF-4EAF-86BA-3EB19319305E}.Debug|anycpu.Build.0 = Debug|anycpu
		{F38C8FE3-C6CF-4EAF-86BA-3EB19319305E}.Release|anycpu.ActiveCfg = Release|anycpu
		{F38C8FE3-C6CF-4EAF-86BA-3EB19319305E}.Release|anycpu.Build.0 = Release|anycpu
	EndGlobalSection
	GlobalSection(SolutionProperties) = preSolution
		HideSolutionNode = FALSE
	EndGlobalSection
	GlobalSection(ExtensibilityGlobals) = postSolution
		SolutionGuid = {FF3A98F8-B1CF-4022-8ADE-481783ECDA22}
	EndGlobalSection
EndGlobal
